{
  "nodes": {
    "nixpkgs": {
      "locked": {
        "lastModified": 1627501377,
        "narHash": "sha256-cbEIlYvo1yVUDNuzun2wbEJQtdXMsJXGI4KHEo9r1aI=",
        "owner": "NixOS",
        "repo": "nixpkgs",
        "rev": "3dd4a9eeec88cf9ad3460bb2dc9a8b5b66e29dd6",
        "type": "github"
      },
      "original": {
        "id": "nixpkgs",
        "type": "indirect"
      }
    },
    "root": {
      "inputs": {
        "nixpkgs": "nixpkgs"
      }
    }
  },
  "root": "root",
  "version": 7
}
